// !$*UTF8*$!
{
	archiveVersion = 1;
	classes = {
	};
	objectVersion = 46;
	objects = {

/* Begin PBXBuildFile section */
		D26963181A5D68E300603A31 /* AppDelegate.swift in Sources */ = {isa = PBXBuildFile; fileRef = D26963171A5D68E300603A31 /* AppDelegate.swift */; };
		D269631A1A5D68E300603A31 /* ViewController.swift in Sources */ = {isa = PBXBuildFile; fileRef = D26963191A5D68E300603A31 /* ViewController.swift */; };
		D269631D1A5D68E300603A31 /* Main.storyboard in Resources */ = {isa = PBXBuildFile; fileRef = D269631B1A5D68E300603A31 /* Main.storyboard */; };
		D269631F1A5D68E300603A31 /* Images.xcassets in Resources */ = {isa = PBXBuildFile; fileRef = D269631E1A5D68E300603A31 /* Images.xcassets */; };
		D26963221A5D68E300603A31 /* LaunchScreen.xib in Resources */ = {isa = PBXBuildFile; fileRef = D26963201A5D68E300603A31 /* LaunchScreen.xib */; };
		D269632E1A5D68E300603A31 /* SweetHMACTests.swift in Sources */ = {isa = PBXBuildFile; fileRef = D269632D1A5D68E300603A31 /* SweetHMACTests.swift */; };
		D269633A1A5D698700603A31 /* SweetHMAC.swift in Sources */ = {isa = PBXBuildFile; fileRef = D26963391A5D698700603A31 /* SweetHMAC.swift */; };
/* End PBXBuildFile section */

/* Begin PBXContainerItemProxy section */
		D26963281A5D68E300603A31 /* PBXContainerItemProxy */ = {
			isa = PBXContainerItemProxy;
			containerPortal = D269630A1A5D68E300603A31 /* Project object */;
			proxyType = 1;
			remoteGlobalIDString = D26963111A5D68E300603A31;
			remoteInfo = SweetHMAC;
		};
/* End PBXContainerItemProxy section */

/* Begin PBXFileReference section */
		D26963121A5D68E300603A31 /* SweetHMAC.app */ = {isa = PBXFileReference; explicitFileType = wrapper.application; includeInIndex = 0; path = SweetHMAC.app; sourceTree = BUILT_PRODUCTS_DIR; };
		D26963161A5D68E300603A31 /* Info.plist */ = {isa = PBXFileReference; lastKnownFileType = text.plist.xml; path = Info.plist; sourceTree = "<group>"; };
		D26963171A5D68E300603A31 /* AppDelegate.swift */ = {isa = PBXFileReference; lastKnownFileType = sourcecode.swift; path = AppDelegate.swift; sourceTree = "<group>"; };
		D26963191A5D68E300603A31 /* ViewController.swift */ = {isa = PBXFileReference; lastKnownFileType = sourcecode.swift; path = ViewController.swift; sourceTree = "<group>"; };
		D269631C1A5D68E300603A31 /* Base */ = {isa = PBXFileReference; lastKnownFileType = file.storyboard; name = Base; path = Base.lproj/Main.storyboard; sourceTree = "<group>"; };
		D269631E1A5D68E300603A31 /* Images.xcassets */ = {isa = PBXFileReference; lastKnownFileType = folder.assetcatalog; path = Images.xcassets; sourceTree = "<group>"; };
		D26963211A5D68E300603A31 /* Base */ = {isa = PBXFileReference; lastKnownFileType = file.xib; name = Base; path = Base.lproj/LaunchScreen.xib; sourceTree = "<group>"; };
		D26963271A5D68E300603A31 /* SweetHMACTests.xctest */ = {isa = PBXFileReference; explicitFileType = wrapper.cfbundle; includeInIndex = 0; path = SweetHMACTests.xctest; sourceTree = BUILT_PRODUCTS_DIR; };
		D269632C1A5D68E300603A31 /* Info.plist */ = {isa = PBXFileReference; lastKnownFileType = text.plist.xml; path = Info.plist; sourceTree = "<group>"; };
		D269632D1A5D68E300603A31 /* SweetHMACTests.swift */ = {isa = PBXFileReference; lastKnownFileType = sourcecode.swift; path = SweetHMACTests.swift; sourceTree = "<group>"; };
		D26963391A5D698700603A31 /* SweetHMAC.swift */ = {isa = PBXFileReference; fileEncoding = 4; lastKnownFileType = sourcecode.swift; name = SweetHMAC.swift; path = Classes/SweetHMAC/SweetHMAC.swift; sourceTree = "<group>"; };
		D269633B1A5DC03900603A31 /* BridgeHeader.h */ = {isa = PBXFileReference; lastKnownFileType = sourcecode.c.h; path = BridgeHeader.h; sourceTree = "<group>"; };
/* End PBXFileReference section */

/* Begin PBXFrameworksBuildPhase section */
		D269630F1A5D68E300603A31 /* Frameworks */ = {
			isa = PBXFrameworksBuildPhase;
			buildActionMask = 2147483647;
			files = (
			);
			runOnlyForDeploymentPostprocessing = 0;
		};
		D26963241A5D68E300603A31 /* Frameworks */ = {
			isa = PBXFrameworksBuildPhase;
			buildActionMask = 2147483647;
			files = (
			);
			runOnlyForDeploymentPostprocessing = 0;
		};
/* End PBXFrameworksBuildPhase section */

/* Begin PBXGroup section */
		D26963091A5D68E300603A31 = {
			isa = PBXGroup;
			children = (
				D26963141A5D68E300603A31 /* SweetHMAC */,
				D269632A1A5D68E300603A31 /* SweetHMACTests */,
				D26963131A5D68E300603A31 /* Products */,
			);
			sourceTree = "<group>";
		};
		D26963131A5D68E300603A31 /* Products */ = {
			isa = PBXGroup;
			children = (
				D26963121A5D68E300603A31 /* SweetHMAC.app */,
				D26963271A5D68E300603A31 /* SweetHMACTests.xctest */,
			);
			name = Products;
			sourceTree = "<group>";
		};
		D26963141A5D68E300603A31 /* SweetHMAC */ = {
			isa = PBXGroup;
			children = (
				D26963371A5D68ED00603A31 /* Classes */,
				D26963171A5D68E300603A31 /* AppDelegate.swift */,
				D26963191A5D68E300603A31 /* ViewController.swift */,
				D269631B1A5D68E300603A31 /* Main.storyboard */,
				D269631E1A5D68E300603A31 /* Images.xcassets */,
				D26963201A5D68E300603A31 /* LaunchScreen.xib */,
				D26963151A5D68E300603A31 /* Supporting Files */,
				D269633B1A5DC03900603A31 /* BridgeHeader.h */,
			);
			path = SweetHMAC;
			sourceTree = "<group>";
		};
		D26963151A5D68E300603A31 /* Supporting Files */ = {
			isa = PBXGroup;
			children = (
				D26963161A5D68E300603A31 /* Info.plist */,
			);
			name = "Supporting Files";
			sourceTree = "<group>";
		};
		D269632A1A5D68E300603A31 /* SweetHMACTests */ = {
			isa = PBXGroup;
			children = (
				D269632D1A5D68E300603A31 /* SweetHMACTests.swift */,
				D269632B1A5D68E300603A31 /* Supporting Files */,
			);
			path = SweetHMACTests;
			sourceTree = "<group>";
		};
		D269632B1A5D68E300603A31 /* Supporting Files */ = {
			isa = PBXGroup;
			children = (
				D269632C1A5D68E300603A31 /* Info.plist */,
			);
			name = "Supporting Files";
			sourceTree = "<group>";
		};
		D26963371A5D68ED00603A31 /* Classes */ = {
			isa = PBXGroup;
			children = (
				D26963381A5D690200603A31 /* SweetHMAC */,
			);
			name = Classes;
			sourceTree = "<group>";
		};
		D26963381A5D690200603A31 /* SweetHMAC */ = {
			isa = PBXGroup;
			children = (
				D26963391A5D698700603A31 /* SweetHMAC.swift */,
			);
			name = SweetHMAC;
			sourceTree = "<group>";
		};
/* End PBXGroup section */

/* Begin PBXNativeTarget section */
		D26963111A5D68E300603A31 /* SweetHMAC */ = {
			isa = PBXNativeTarget;
			buildConfigurationList = D26963311A5D68E300603A31 /* Build configuration list for PBXNativeTarget "SweetHMAC" */;
			buildPhases = (
				D269630E1A5D68E300603A31 /* Sources */,
				D269630F1A5D68E300603A31 /* Frameworks */,
				D26963101A5D68E300603A31 /* Resources */,
			);
			buildRules = (
			);
			dependencies = (
			);
			name = SweetHMAC;
			productName = SweetHMAC;
			productReference = D26963121A5D68E300603A31 /* SweetHMAC.app */;
			productType = "com.apple.product-type.application";
		};
		D26963261A5D68E300603A31 /* SweetHMACTests */ = {
			isa = PBXNativeTarget;
			buildConfigurationList = D26963341A5D68E300603A31 /* Build configuration list for PBXNativeTarget "SweetHMACTests" */;
			buildPhases = (
				D26963231A5D68E300603A31 /* Sources */,
				D26963241A5D68E300603A31 /* Frameworks */,
				D26963251A5D68E300603A31 /* Resources */,
			);
			buildRules = (
			);
			dependencies = (
				D26963291A5D68E300603A31 /* PBXTargetDependency */,
			);
			name = SweetHMACTests;
			productName = SweetHMACTests;
			productReference = D26963271A5D68E300603A31 /* SweetHMACTests.xctest */;
			productType = "com.apple.product-type.bundle.unit-test";
		};
/* End PBXNativeTarget section */

/* Begin PBXProject section */
		D269630A1A5D68E300603A31 /* Project object */ = {
			isa = PBXProject;
			attributes = {
				LastUpgradeCheck = 0610;
				ORGANIZATIONNAME = "Jan Cassio";
				TargetAttributes = {
					D26963111A5D68E300603A31 = {
						CreatedOnToolsVersion = 6.1.1;
					};
					D26963261A5D68E300603A31 = {
						CreatedOnToolsVersion = 6.1.1;
						TestTargetID = D26963111A5D68E300603A31;
					};
				};
			};
			buildConfigurationList = D269630D1A5D68E300603A31 /* Build configuration list for PBXProject "SweetHMAC" */;
			compatibilityVersion = "Xcode 3.2";
			developmentRegion = English;
			hasScannedForEncodings = 0;
			knownRegions = (
				en,
				Base,
			);
			mainGroup = D26963091A5D68E300603A31;
			productRefGroup = D26963131A5D68E300603A31 /* Products */;
			projectDirPath = "";
			projectRoot = "";
			targets = (
				D26963111A5D68E300603A31 /* SweetHMAC */,
				D26963261A5D68E300603A31 /* SweetHMACTests */,
			);
		};
/* End PBXProject section */

/* Begin PBXResourcesBuildPhase section */
		D26963101A5D68E300603A31 /* Resources */ = {
			isa = PBXResourcesBuildPhase;
			buildActionMask = 2147483647;
			files = (
				D269631D1A5D68E300603A31 /* Main.storyboard in Resources */,
				D26963221A5D68E300603A31 /* LaunchScreen.xib in Resources */,
				D269631F1A5D68E300603A31 /* Images.xcassets in Resources */,
			);
			runOnlyForDeploymentPostprocessing = 0;
		};
		D26963251A5D68E300603A31 /* Resources */ = {
			isa = PBXResourcesBuildPhase;
			buildActionMask = 2147483647;
			files = (
			);
			runOnlyForDeploymentPostprocessing = 0;
		};
/* End PBXResourcesBuildPhase section */

/* Begin PBXSourcesBuildPhase section */
		D269630E1A5D68E300603A31 /* Sources */ = {
			isa = PBXSourcesBuildPhase;
			buildActionMask = 2147483647;
			files = (
				D269633A1A5D698700603A31 /* SweetHMAC.swift in Sources */,
				D269631A1A5D68E300603A31 /* ViewController.swift in Sources */,
				D26963181A5D68E300603A31 /* AppDelegate.swift in Sources */,
			);
			runOnlyForDeploymentPostprocessing = 0;
		};
		D26963231A5D68E300603A31 /* Sources */ = {
			isa = PBXSourcesBuildPhase;
			buildActionMask = 2147483647;
			files = (
				D269632E1A5D68E300603A31 /* SweetHMACTests.swift in Sources */,
			);
			runOnlyForDeploymentPostprocessing = 0;
		};
/* End PBXSourcesBuildPhase section */

/* Begin PBXTargetDependency section */
		D26963291A5D68E300603A31 /* PBXTargetDependency */ = {
			isa = PBXTargetDependency;
			target = D26963111A5D68E300603A31 /* SweetHMAC */;
			targetProxy = D26963281A5D68E300603A31 /* PBXContainerItemProxy */;
		};
/* End PBXTargetDependency section */

/* Begin PBXVariantGroup section */
		D269631B1A5D68E300603A31 /* Main.storyboard */ = {
			isa = PBXVariantGroup;
			children = (
				D269631C1A5D68E300603A31 /* Base */,
			);
			name = Main.storyboard;
			sourceTree = "<group>";
		};
		D26963201A5D68E300603A31 /* LaunchScreen.xib */ = {
			isa = PBXVariantGroup;
			children = (
				D26963211A5D68E300603A31 /* Base */,
			);
			name = LaunchScreen.xib;
			sourceTree = "<group>";
		};
/* End PBXVariantGroup section */

/* Begin XCBuildConfiguration section */
		D269632F1A5D68E300603A31 /* Debug */ = {
			isa = XCBuildConfiguration;
			buildSettings = {
				ALWAYS_SEARCH_USER_PATHS = NO;
				CLANG_CXX_LANGUAGE_STANDARD = "gnu++0x";
				CLANG_CXX_LIBRARY = "libc++";
				CLANG_ENABLE_MODULES = YES;
				CLANG_ENABLE_OBJC_ARC = YES;
				CLANG_WARN_BOOL_CONVERSION = YES;
				CLANG_WARN_CONSTANT_CONVERSION = YES;
				CLANG_WARN_DIRECT_OBJC_ISA_USAGE = YES_ERROR;
				CLANG_WARN_EMPTY_BODY = YES;
				CLANG_WARN_ENUM_CONVERSION = YES;
				CLANG_WARN_INT_CONVERSION = YES;
				CLANG_WARN_OBJC_ROOT_CLASS = YES_ERROR;
				CLANG_WARN_UNREACHABLE_CODE = YES;
				CLANG_WARN__DUPLICATE_METHOD_MATCH = YES;
				"CODE_SIGN_IDENTITY[sdk=iphoneos*]" = "iPhone Developer";
				COPY_PHASE_STRIP = NO;
				ENABLE_STRICT_OBJC_MSGSEND = YES;
				GCC_C_LANGUAGE_STANDARD = gnu99;
				GCC_DYNAMIC_NO_PIC = NO;
				GCC_OPTIMIZATION_LEVEL = 0;
				GCC_PREPROCESSOR_DEFINITIONS = (
					"DEBUG=1",
					"$(inherited)",
				);
				GCC_SYMBOLS_PRIVATE_EXTERN = NO;
				GCC_WARN_64_TO_32_BIT_CONVERSION = YES;
				GCC_WARN_ABOUT_RETURN_TYPE = YES_ERROR;
				GCC_WARN_UNDECLARED_SELECTOR = YES;
				GCC_WARN_UNINITIALIZED_AUTOS = YES_AGGRESSIVE;
				GCC_WARN_UNUSED_FUNCTION = YES;
				GCC_WARN_UNUSED_VARIABLE = YES;
				IPHONEOS_DEPLOYMENT_TARGET = 8.1;
				MTL_ENABLE_DEBUG_INFO = YES;
				ONLY_ACTIVE_ARCH = YES;
				SDKROOT = iphoneos;
				SWIFT_OPTIMIZATION_LEVEL = "-Onone";
				TARGETED_DEVICE_FAMILY = "1,2";
			};
			name = Debug;
		};
		D26963301A5D68E300603A31 /* Release */ = {
			isa = XCBuildConfiguration;
			buildSettings = {
				ALWAYS_SEARCH_USER_PATHS = NO;
				CLANG_CXX_LANGUAGE_STANDARD = "gnu++0x";
				CLANG_CXX_LIBRARY = "libc++";
				CLANG_ENABLE_MODULES = YES;
				CLANG_ENABLE_OBJC_ARC = YES;
				CLANG_WARN_BOOL_CONVERSION = YES;
				CLANG_WARN_CONSTANT_CONVERSION = YES;
				CLANG_WARN_DIRECT_OBJC_ISA_USAGE = YES_ERROR;
				CLANG_WARN_EMPTY_BODY = YES;
				CLANG_WARN_ENUM_CONVERSION = YES;
				CLANG_WARN_INT_CONVERSION = YES;
				CLANG_WARN_OBJC_ROOT_CLASS = YES_ERROR;
				CLANG_WARN_UNREACHABLE_CODE = YES;
				CLANG_WARN__DUPLICATE_METHOD_MATCH = YES;
				"CODE_SIGN_IDENTITY[sdk=iphoneos*]" = "iPhone Developer";
				COPY_PHASE_STRIP = YES;
				ENABLE_NS_ASSERTIONS = NO;
				ENABLE_STRICT_OBJC_MSGSEND = YES;
				GCC_C_LANGUAGE_STANDARD = gnu99;
				GCC_WARN_64_TO_32_BIT_CONVERSION = YES;
				GCC_WARN_ABOUT_RETURN_TYPE = YES_ERROR;
				GCC_WARN_UNDECLARED_SELECTOR = YES;
				GCC_WARN_UNINITIALIZED_AUTOS = YES_AGGRESSIVE;
				GCC_WARN_UNUSED_FUNCTION = YES;
				GCC_WARN_UNUSED_VARIABLE = YES;
				IPHONEOS_DEPLOYMENT_TARGET = 8.1;
				MTL_ENABLE_DEBUG_INFO = NO;
				SDKROOT = iphoneos;
				TARGETED_DEVICE_FAMILY = "1,2";
				VALIDATE_PRODUCT = YES;
			};
			name = Release;
		};
		D26963321A5D68E300603A31 /* Debug */ = {
			isa = XCBuildConfiguration;
			buildSettings = {
				ASSETCATALOG_COMPILER_APPICON_NAME = AppIcon;
				INFOPLIST_FILE = SweetHMAC/Info.plist;
				LD_RUNPATH_SEARCH_PATHS = "$(inherited) @executable_path/Frameworks";
				PRODUCT_NAME = "$(TARGET_NAME)";
				SWIFT_OBJC_BRIDGING_HEADER = "$(SRCROOT)/SweetHMAC/BridgeHeader.h";
			};
			name = Debug;
		};
		D26963331A5D68E300603A31 /* Release */ = {
			isa = XCBuildConfiguration;
			buildSettings = {
				ASSETCATALOG_COMPILER_APPICON_NAME = AppIcon;
				INFOPLIST_FILE = SweetHMAC/Info.plist;
				LD_RUNPATH_SEARCH_PATHS = "$(inherited) @executable_path/Frameworks";
				PRODUCT_NAME = "$(TARGET_NAME)";
				SWIFT_OBJC_BRIDGING_HEADER = "$(SRCROOT)/SweetHMAC/BridgeHeader.h";
			};
			name = Release;
		};
		D26963351A5D68E300603A31 /* Debug */ = {
			isa = XCBuildConfiguration;
			buildSettings = {
				BUNDLE_LOADER = "$(TEST_HOST)";
				FRAMEWORK_SEARCH_PATHS = (
					"$(SDKROOT)/Developer/Library/Frameworks",
					"$(inherited)",
				);
				GCC_PREPROCESSOR_DEFINITIONS = (
					"DEBUG=1",
					"$(inherited)",
				);
				INFOPLIST_FILE = SweetHMACTests/Info.plist;
				LD_RUNPATH_SEARCH_PATHS = "$(inherited) @executable_path/Frameworks @loader_path/Frameworks";
				PRODUCT_NAME = "$(TARGET_NAME)";
				TEST_HOST = "$(BUILT_PRODUCTS_DIR)/SweetHMAC.app/SweetHMAC";
			};
			name = Debug;
		};
		D26963361A5D68E300603A31 /* Release */ = {
			isa = XCBuildConfiguration;
			buildSettings = {
				BUNDLE_LOADER = "$(TEST_HOST)";
				FRAMEWORK_SEARCH_PATHS = (
					"$(SDKROOT)/Developer/Library/Frameworks",
					"$(inherited)",
				);
				INFOPLIST_FILE = SweetHMACTests/Info.plist;
				LD_RUNPATH_SEARCH_PATHS = "$(inherited) @executable_path/Frameworks @loader_path/Frameworks";
				PRODUCT_NAME = "$(TARGET_NAME)";
				TEST_HOST = "$(BUILT_PRODUCTS_DIR)/SweetHMAC.app/SweetHMAC";
			};
			name = Release;
		};
/* End XCBuildConfiguration section */

/* Begin XCConfigurationList section */
		D269630D1A5D68E300603A31 /* Build configuration list for PBXProject "SweetHMAC" */ = {
			isa = XCConfigurationList;
			buildConfigurations = (
				D269632F1A5D68E300603A31 /* Debug */,
				D26963301A5D68E300603A31 /* Release */,
			);
			defaultConfigurationIsVisible = 0;
			defaultConfigurationName = Release;
		};
		D26963311A5D68E300603A31 /* Build configuration list for PBXNativeTarget "SweetHMAC" */ = {
			isa = XCConfigurationList;
			buildConfigurations = (
				D26963321A5D68E300603A31 /* Debug */,
				D26963331A5D68E300603A31 /* Release */,
			);
			defaultConfigurationIsVisible = 0;
			defaultConfigurationName = Release;
		};
		D26963341A5D68E300603A31 /* Build configuration list for PBXNativeTarget "SweetHMACTests" */ = {
			isa = XCConfigurationList;
			buildConfigurations = (
				D26963351A5D68E300603A31 /* Debug */,
				D26963361A5D68E300603A31 /* Release */,
			);
			defaultConfigurationIsVisible = 0;
			defaultConfigurationName = Release;
		};
/* End XCConfigurationList section */
	};
	rootObject = D269630A1A5D68E300603A31 /* Project object */;
}
